
Microsoft Visual Studio Solution File, Format Version 12.00
# Visual Studio Version 16
VisualStudioVersion = 16.0.29201.188
MinimumVisualStudioVersion = 10.0.40219.1
Project("{FAE04EC0-301F-11D3-BF4B-00C04F79EFBC}") = "MCDFiscalManager.BusinessModel", "MCDFiscalManager.BusinessModel\MCDFiscalManager.BusinessModel.csproj", "{84491D66-1206-4CE6-A837-FB4DC2CDB553}"
EndProject
Project("{FAE04EC0-301F-11D3-BF4B-00C04F79EFBC}") = "MCDFiscalManager.CMDInterface", "MCDFiscalManager.CMDInterface\MCDFiscalManager.CMDInterface.csproj", "{720C6D6A-0D50-4084-83A8-03848F353ED8}"
EndProject
Project("{FAE04EC0-301F-11D3-BF4B-00C04F79EFBC}") = "MCDFiscalManager.DataController", "MCDFiscalManager.DataController\MCDFiscalManager.DataController.csproj", "{4512C25D-757C-479B-9FB3-B9C118F08B52}"
EndProject
Project("{FAE04EC0-301F-11D3-BF4B-00C04F79EFBC}") = "MCDFiscalManager.DataControllerTests", "MCDFiscalManager.DataControllerTests\MCDFiscalManager.DataControllerTests.csproj", "{82CE41F3-F9B3-435E-9BCC-16C4AE177561}"
EndProject
Global
	GlobalSection(SolutionConfigurationPlatforms) = preSolution
		Debug|Any CPU = Debug|Any CPU
		Release|Any CPU = Release|Any CPU
	EndGlobalSection
	GlobalSection(ProjectConfigurationPlatforms) = postSolution
		{84491D66-1206-4CE6-A837-FB4DC2CDB553}.Debug|Any CPU.ActiveCfg = Debug|Any CPU
		{84491D66-1206-4CE6-A837-FB4DC2CDB553}.Debug|Any CPU.Build.0 = Debug|Any CPU
		{84491D66-1206-4CE6-A837-FB4DC2CDB553}.Release|Any CPU.ActiveCfg = Release|Any CPU
		{84491D66-1206-4CE6-A837-FB4DC2CDB553}.Release|Any CPU.Build.0 = Release|Any CPU
		{720C6D6A-0D50-4084-83A8-03848F353ED8}.Debug|Any CPU.ActiveCfg = Debug|Any CPU
		{720C6D6A-0D50-4084-83A8-03848F353ED8}.Debug|Any CPU.Build.0 = Debug|Any CPU
		{720C6D6A-0D50-4084-83A8-03848F353ED8}.Release|Any CPU.ActiveCfg = Release|Any CPU
		{720C6D6A-0D50-4084-83A8-03848F353ED8}.Release|Any CPU.Build.0 = Release|Any CPU
		{4512C25D-757C-479B-9FB3-B9C118F08B52}.Debug|Any CPU.ActiveCfg = Debug|Any CPU
		{4512C25D-757C-479B-9FB3-B9C118F08B52}.Debug|Any CPU.Build.0 = Debug|Any CPU
		{4512C25D-757C-479B-9FB3-B9C118F08B52}.Release|Any CPU.ActiveCfg = Release|Any CPU
		{4512C25D-757C-479B-9FB3-B9C118F08B52}.Release|Any CPU.Build.0 = Release|Any CPU
		{82CE41F3-F9B3-435E-9BCC-16C4AE177561}.Debug|Any CPU.ActiveCfg = Debug|Any CPU
		{82CE41F3-F9B3-435E-9BCC-16C4AE177561}.Debug|Any CPU.Build.0 = Debug|Any CPU
		{82CE41F3-F9B3-435E-9BCC-16C4AE177561}.Release|Any CPU.ActiveCfg = Release|Any CPU
		{82CE41F3-F9B3-435E-9BCC-16C4AE177561}.Release|Any CPU.Build.0 = Release|Any CPU
	EndGlobalSection
	GlobalSection(SolutionProperties) = preSolution
		HideSolutionNode = FALSE
	EndGlobalSection
	GlobalSection(ExtensibilityGlobals) = postSolution
		SolutionGuid = {7F219DD1-CD72-4726-A856-0F1CACFDCDEA}
	EndGlobalSection
EndGlobal
